
Microsoft Visual Studio Solution File, Format Version 12.00
# Visual Studio Version 17
VisualStudioVersion = 17.0.31903.59
MinimumVisualStudioVersion = 10.0.40219.1
Project("{2150E333-8FDC-42A3-9474-1A3956D46DE8}") = "src", "src", "{EA64D3B2-7A75-47DA-B469-C993E0128D24}"
EndProject
Project("{FAE04EC0-301F-11D3-BF4B-00C04F79EFBC}") = "WinDS9.Core", "src\WinDS9.Core\WinDS9.Core.csproj", "{B2EA0223-807C-4758-8F41-30191FCCAFD8}"
EndProject
Project("{FAE04EC0-301F-11D3-BF4B-00C04F79EFBC}") = "WinDS9.App", "src\WinDS9.App\WinDS9.App.csproj", "{E12236AB-1D3B-4AB3-B97B-51F8381A2925}"
EndProject
Project("{2150E333-8FDC-42A3-9474-1A3956D46DE8}") = "tests", "tests", "{A91F9EA8-C05F-408B-A417-D8827F2EDD08}"
EndProject
Project("{FAE04EC0-301F-11D3-BF4B-00C04F79EFBC}") = "WinDS9.Core.Tests", "tests\WinDS9.Core.Tests\WinDS9.Core.Tests.csproj", "{A5525F38-E6D9-4BBE-9BC1-CDCB6FB54AD3}"
EndProject
Project("{FAE04EC0-301F-11D3-BF4B-00C04F79EFBC}") = "WinDS9.Engine", "src\WinDS9.Engine\WinDS9.Engine.csproj", "{B7F9F75B-B919-457E-88BC-539F068DC9FA}"
EndProject
Project("{FAE04EC0-301F-11D3-BF4B-00C04F79EFBC}") = "WinDS9.Viewer", "src\WinDS9.Viewer\WinDS9.Viewer.csproj", "{584837D3-50E8-41C5-A32D-EBF0BE58697F}"
EndProject
Project("{FAE04EC0-301F-11D3-BF4B-00C04F79EFBC}") = "WinDS9.Engine.Tests", "tests\WinDS9.Engine.Tests\WinDS9.Engine.Tests.csproj", "{74472BD3-825D-46EE-90BC-D6591FBDF8FF}"
EndProject
Project("{FAE04EC0-301F-11D3-BF4B-00C04F79EFBC}") = "WinDS9.WinUI", "src\WinDS9.WinUI\WinDS9.WinUI.csproj", "{BA7C0574-BC56-4D4C-801C-DFB7918D9100}"
EndProject
Global
	GlobalSection(SolutionConfigurationPlatforms) = preSolution
		Debug|Any CPU = Debug|Any CPU
		Release|Any CPU = Release|Any CPU
	EndGlobalSection
	GlobalSection(SolutionProperties) = preSolution
		HideSolutionNode = FALSE
	EndGlobalSection
	GlobalSection(ProjectConfigurationPlatforms) = postSolution
		{B2EA0223-807C-4758-8F41-30191FCCAFD8}.Debug|Any CPU.ActiveCfg = Debug|Any CPU
		{B2EA0223-807C-4758-8F41-30191FCCAFD8}.Debug|Any CPU.Build.0 = Debug|Any CPU
		{B2EA0223-807C-4758-8F41-30191FCCAFD8}.Release|Any CPU.ActiveCfg = Release|Any CPU
		{B2EA0223-807C-4758-8F41-30191FCCAFD8}.Release|Any CPU.Build.0 = Release|Any CPU
		{E12236AB-1D3B-4AB3-B97B-51F8381A2925}.Debug|Any CPU.ActiveCfg = Debug|Any CPU
		{E12236AB-1D3B-4AB3-B97B-51F8381A2925}.Debug|Any CPU.Build.0 = Debug|Any CPU
		{E12236AB-1D3B-4AB3-B97B-51F8381A2925}.Release|Any CPU.ActiveCfg = Release|Any CPU
		{E12236AB-1D3B-4AB3-B97B-51F8381A2925}.Release|Any CPU.Build.0 = Release|Any CPU
		{A5525F38-E6D9-4BBE-9BC1-CDCB6FB54AD3}.Debug|Any CPU.ActiveCfg = Debug|Any CPU
		{A5525F38-E6D9-4BBE-9BC1-CDCB6FB54AD3}.Debug|Any CPU.Build.0 = Debug|Any CPU
		{A5525F38-E6D9-4BBE-9BC1-CDCB6FB54AD3}.Release|Any CPU.ActiveCfg = Release|Any CPU
		{A5525F38-E6D9-4BBE-9BC1-CDCB6FB54AD3}.Release|Any CPU.Build.0 = Release|Any CPU
		{B7F9F75B-B919-457E-88BC-539F068DC9FA}.Debug|Any CPU.ActiveCfg = Debug|Any CPU
		{B7F9F75B-B919-457E-88BC-539F068DC9FA}.Debug|Any CPU.Build.0 = Debug|Any CPU
		{B7F9F75B-B919-457E-88BC-539F068DC9FA}.Release|Any CPU.ActiveCfg = Release|Any CPU
		{B7F9F75B-B919-457E-88BC-539F068DC9FA}.Release|Any CPU.Build.0 = Release|Any CPU
		{584837D3-50E8-41C5-A32D-EBF0BE58697F}.Debug|Any CPU.ActiveCfg = Debug|Any CPU
		{584837D3-50E8-41C5-A32D-EBF0BE58697F}.Debug|Any CPU.Build.0 = Debug|Any CPU
		{584837D3-50E8-41C5-A32D-EBF0BE58697F}.Release|Any CPU.ActiveCfg = Release|Any CPU
		{584837D3-50E8-41C5-A32D-EBF0BE58697F}.Release|Any CPU.Build.0 = Release|Any CPU
		{74472BD3-825D-46EE-90BC-D6591FBDF8FF}.Debug|Any CPU.ActiveCfg = Debug|Any CPU
		{74472BD3-825D-46EE-90BC-D6591FBDF8FF}.Debug|Any CPU.Build.0 = Debug|Any CPU
		{74472BD3-825D-46EE-90BC-D6591FBDF8FF}.Release|Any CPU.ActiveCfg = Release|Any CPU
		{74472BD3-825D-46EE-90BC-D6591FBDF8FF}.Release|Any CPU.Build.0 = Release|Any CPU
		{BA7C0574-BC56-4D4C-801C-DFB7918D9100}.Debug|Any CPU.ActiveCfg = Debug|x86
		{BA7C0574-BC56-4D4C-801C-DFB7918D9100}.Debug|Any CPU.Build.0 = Debug|x86
		{BA7C0574-BC56-4D4C-801C-DFB7918D9100}.Release|Any CPU.ActiveCfg = Release|x86
		{BA7C0574-BC56-4D4C-801C-DFB7918D9100}.Release|Any CPU.Build.0 = Release|x86
	EndGlobalSection
	GlobalSection(NestedProjects) = preSolution
		{B2EA0223-807C-4758-8F41-30191FCCAFD8} = {EA64D3B2-7A75-47DA-B469-C993E0128D24}
		{E12236AB-1D3B-4AB3-B97B-51F8381A2925} = {EA64D3B2-7A75-47DA-B469-C993E0128D24}
		{A5525F38-E6D9-4BBE-9BC1-CDCB6FB54AD3} = {A91F9EA8-C05F-408B-A417-D8827F2EDD08}
		{B7F9F75B-B919-457E-88BC-539F068DC9FA} = {EA64D3B2-7A75-47DA-B469-C993E0128D24}
		{584837D3-50E8-41C5-A32D-EBF0BE58697F} = {EA64D3B2-7A75-47DA-B469-C993E0128D24}
		{74472BD3-825D-46EE-90BC-D6591FBDF8FF} = {A91F9EA8-C05F-408B-A417-D8827F2EDD08}
		{BA7C0574-BC56-4D4C-801C-DFB7918D9100} = {EA64D3B2-7A75-47DA-B469-C993E0128D24}
	EndGlobalSection
EndGlobal
